
Microsoft Visual Studio Solution File, Format Version 12.00
# Visual Studio Version 16
VisualStudioVersion = 16.0.30114.105
MinimumVisualStudioVersion = 10.0.40219.1
Project("{FAE04EC0-301F-11D3-BF4B-00C04F79EFBC}") = "twh.testdata.driver_demo", "twh.testdata.driver_demo\twh.testdata.driver_demo.csproj", "{67B0EAAF-21BA-4BE9-80FC-17C0B52AEAAF}"
EndProject
Global
	GlobalSection(SolutionConfigurationPlatforms) = preSolution
		Debug|Any CPU = Debug|Any CPU
		Release|Any CPU = Release|Any CPU
	EndGlobalSection
	GlobalSection(ProjectConfigurationPlatforms) = postSolution
		{67B0EAAF-21BA-4BE9-80FC-17C0B52AEAAF}.Debug|Any CPU.ActiveCfg = Debug|Any CPU
		{67B0EAAF-21BA-4BE9-80FC-17C0B52AEAAF}.Debug|Any CPU.Build.0 = Debug|Any CPU
		{67B0EAAF-21BA-4BE9-80FC-17C0B52AEAAF}.Release|Any CPU.ActiveCfg = Release|Any CPU
		{67B0EAAF-21BA-4BE9-80FC-17C0B52AEAAF}.Release|Any CPU.Build.0 = Release|Any CPU
	EndGlobalSection
	GlobalSection(SolutionProperties) = preSolution
		HideSolutionNode = FALSE
	EndGlobalSection
	GlobalSection(ExtensibilityGlobals) = postSolution
		SolutionGuid = {79477156-F631-49FE-B147-75E824C84553}
	EndGlobalSection
EndGlobal
